
Microsoft Visual Studio Solution File, Format Version 12.00
# Visual Studio Version 17
VisualStudioVersion = 17.3.32901.215
MinimumVisualStudioVersion = 10.0.40219.1
Project("{FAE04EC0-301F-11D3-BF4B-00C04F79EFBC}") = "FormularioPrueba", "FormularioPrueba\FormularioPrueba.csproj", "{33102370-99C2-42A0-8E8B-4B52A33134F4}"
EndProject
Global
	GlobalSection(SolutionConfigurationPlatforms) = preSolution
		Debug|Any CPU = Debug|Any CPU
		Release|Any CPU = Release|Any CPU
	EndGlobalSection
	GlobalSection(ProjectConfigurationPlatforms) = postSolution
		{33102370-99C2-42A0-8E8B-4B52A33134F4}.Debug|Any CPU.ActiveCfg = Debug|Any CPU
		{33102370-99C2-42A0-8E8B-4B52A33134F4}.Debug|Any CPU.Build.0 = Debug|Any CPU
		{33102370-99C2-42A0-8E8B-4B52A33134F4}.Release|Any CPU.ActiveCfg = Release|Any CPU
		{33102370-99C2-42A0-8E8B-4B52A33134F4}.Release|Any CPU.Build.0 = Release|Any CPU
	EndGlobalSection
	GlobalSection(SolutionProperties) = preSolution
		HideSolutionNode = FALSE
	EndGlobalSection
	GlobalSection(ExtensibilityGlobals) = postSolution
		SolutionGuid = {82AC62BD-FEBD-46E7-A627-7DE7205AEDC3}
	EndGlobalSection
EndGlobal
